
Microsoft Visual Studio Solution File, Format Version 12.00
# Visual Studio Version 17
VisualStudioVersion = 17.14.36310.24 d17.14
MinimumVisualStudioVersion = 10.0.40219.1
Project("{FAE04EC0-301F-11D3-BF4B-00C04F79EFBC}") = "Btc.App", "Btc.App.csproj", "{C449401E-1DCD-4AD0-8EC4-A5AF187A3B1E}"
EndProject
Global
	GlobalSection(SolutionConfigurationPlatforms) = preSolution
		Debug|Any CPU = Debug|Any CPU
		Release|Any CPU = Release|Any CPU
	EndGlobalSection
	GlobalSection(ProjectConfigurationPlatforms) = postSolution
		{C449401E-1DCD-4AD0-8EC4-A5AF187A3B1E}.Debug|Any CPU.ActiveCfg = Debug|Any CPU
		{C449401E-1DCD-4AD0-8EC4-A5AF187A3B1E}.Debug|Any CPU.Build.0 = Debug|Any CPU
		{C449401E-1DCD-4AD0-8EC4-A5AF187A3B1E}.Release|Any CPU.ActiveCfg = Release|Any CPU
		{C449401E-1DCD-4AD0-8EC4-A5AF187A3B1E}.Release|Any CPU.Build.0 = Release|Any CPU
	EndGlobalSection
	GlobalSection(SolutionProperties) = preSolution
		HideSolutionNode = FALSE
	EndGlobalSection
	GlobalSection(ExtensibilityGlobals) = postSolution
		SolutionGuid = {CE37DD8D-2FD1-469E-A8D8-435FD61F8818}
	EndGlobalSection
EndGlobal
